
Microsoft Visual Studio Solution File, Format Version 12.00
# Visual Studio 2013
VisualStudioVersion = 12.0.31101.0
MinimumVisualStudioVersion = 10.0.40219.1
Project("{FAE04EC0-301F-11D3-BF4B-00C04F79EFBC}") = "Org.Interactivity.Recognizer", "Org.Interactivity.Recognizer\Org.Interactivity.Recognizer.csproj", "{4D78C244-32F1-4B10-B3A0-6D5A9DAE38AD}"
EndProject
Project("{FAE04EC0-301F-11D3-BF4B-00C04F79EFBC}") = "SampleApp", "SampleApp\SampleApp.csproj", "{75A409C0-585C-43B5-B5FF-6A3118B9B771}"
EndProject
Global
	GlobalSection(SolutionConfigurationPlatforms) = preSolution
		Debug|Any CPU = Debug|Any CPU
		Release|Any CPU = Release|Any CPU
	EndGlobalSection
	GlobalSection(ProjectConfigurationPlatforms) = postSolution
		{4D78C244-32F1-4B10-B3A0-6D5A9DAE38AD}.Debug|Any CPU.ActiveCfg = Debug|Any CPU
		{4D78C244-32F1-4B10-B3A0-6D5A9DAE38AD}.Debug|Any CPU.Build.0 = Debug|Any CPU
		{4D78C244-32F1-4B10-B3A0-6D5A9DAE38AD}.Release|Any CPU.ActiveCfg = Release|Any CPU
		{4D78C244-32F1-4B10-B3A0-6D5A9DAE38AD}.Release|Any CPU.Build.0 = Release|Any CPU
		{75A409C0-585C-43B5-B5FF-6A3118B9B771}.Debug|Any CPU.ActiveCfg = Debug|Any CPU
		{75A409C0-585C-43B5-B5FF-6A3118B9B771}.Debug|Any CPU.Build.0 = Debug|Any CPU
		{75A409C0-585C-43B5-B5FF-6A3118B9B771}.Release|Any CPU.ActiveCfg = Release|Any CPU
		{75A409C0-585C-43B5-B5FF-6A3118B9B771}.Release|Any CPU.Build.0 = Release|Any CPU
	EndGlobalSection
	GlobalSection(SolutionProperties) = preSolution
		HideSolutionNode = FALSE
	EndGlobalSection
EndGlobal
